# This file is automatically @generated by Poetry 1.5.1 and should not be changed by hand.

[[package]]
name = "cython"
version = "3.0.0b3"
description = "The Cython compiler for writing C extensions in the Python language."
optional = false
python-versions = ">=2.7, !=3.0.*, !=3.1.*, !=3.2.*, !=3.3.*"
files = [
    {file = "Cython-3.0.0b3-cp310-cp310-macosx_10_9_x86_64.whl", hash = "sha256:151791bedbfcf428b635514834ea509f5f2080f8151d74a7990a4b615bbfde7f"},
    {file = "Cython-3.0.0b3-cp310-cp310-manylinux_2_17_aarch64.manylinux2014_aarch64.whl", hash = "sha256:5daf6cae8a7563f4f6507c8e04c6a3b96ab04eb9ae43d14a66b6ba25180d877c"},
    {file = "Cython-3.0.0b3-cp310-cp310-manylinux_2_17_x86_64.manylinux2014_x86_64.whl", hash = "sha256:119888af46db63705b4de3b2a071526c044f22594b779edb45247f250555b317"},
    {file = "Cython-3.0.0b3-cp310-cp310-manylinux_2_5_i686.manylinux1_i686.manylinux_2_17_i686.manylinux2014_i686.whl", hash = "sha256:2c1f9164660178e772f537113ea5604e0370fb82b5fbc8a95a154c633974faf0"},
    {file = "Cython-3.0.0b3-cp310-cp310-musllinux_1_1_aarch64.whl", hash = "sha256:5b79df6a140ff07f9c72a86139af9d130a5acfb5aba6e92a1c6973f90ffae0ff"},
    {file = "Cython-3.0.0b3-cp310-cp310-musllinux_1_1_x86_64.whl", hash = "sha256:24a8c72302169bcb74d08c165929dac0d812a2cc163b8134e7ce685287a271df"},
    {file = "Cython-3.0.0b3-cp310-cp310-win32.whl", hash = "sha256:8d244f2eff2354dafe1103746e6d0a65482b5462244d77c13a42f8732843389f"},
    {file = "Cython-3.0.0b3-cp310-cp310-win_amd64.whl", hash = "sha256:b2398349ea3ebbf4a59ca723c2d1ef04c35536d5e42321012d31e12b8322dbbd"},
    {file = "Cython-3.0.0b3-cp311-cp311-macosx_10_9_x86_64.whl", hash = "sha256:7e3afa3fcff73b5e93be302f2434e967f624dba6c4eea19f45713121f50ff0f2"},
    {file = "Cython-3.0.0b3-cp311-cp311-manylinux_2_17_aarch64.manylinux2014_aarch64.whl", hash = "sha256:8c6e51c52ea0f1d8345ca0bda3b6ae718b09ab1b66e68f517d5b78524ccec4be"},
    {file = "Cython-3.0.0b3-cp311-cp311-manylinux_2_17_x86_64.manylinux2014_x86_64.whl", hash = "sha256:ae06a8577a6b170aa42bd3a43c72c62f85f93f1b341ff563d45555e966f0036b"},
    {file = "Cython-3.0.0b3-cp311-cp311-manylinux_2_5_i686.manylinux1_i686.manylinux_2_17_i686.manylinux2014_i686.whl", hash = "sha256:de88cdcdfc2613aa02b92ead87c3fba825172662a4fe6f40bc900d69aa854f9b"},
    {file = "Cython-3.0.0b3-cp311-cp311-musllinux_1_1_aarch64.whl", hash = "sha256:c93ac010818e3f81079d06900b803315c56042c4c706967898c1b807722153dd"},
    {file = "Cython-3.0.0b3-cp311-cp311-musllinux_1_1_x86_64.whl", hash = "sha256:65555dec7570afb9ecdf8825f066eae625fbc24fe82eb6b124ab0f67a9ec3e75"},
    {file = "Cython-3.0.0b3-cp311-cp311-win32.whl", hash = "sha256:9d97683b212df3fb9405d7fe4cca7e94bf45eb437076e442ea789217b3aee1c5"},
    {file = "Cython-3.0.0b3-cp311-cp311-win_amd64.whl", hash = "sha256:a63c2971459ba22d2190117c4953f138d119a1b55dec0a5d3f59dd01a098d5f4"},
    {file = "Cython-3.0.0b3-cp36-cp36m-macosx_10_9_x86_64.whl", hash = "sha256:97143712228cce6a1032efaf8777f17cbe6723c545ded466999c754cba796ab8"},
    {file = "Cython-3.0.0b3-cp36-cp36m-manylinux_2_17_aarch64.manylinux2014_aarch64.whl", hash = "sha256:2cb068aa842117b105355244efd711c35e6a45755bdd011382df8506ddd7afd2"},
    {file = "Cython-3.0.0b3-cp36-cp36m-manylinux_2_17_x86_64.manylinux2014_x86_64.whl", hash = "sha256:18c8d5143100b8f6c9e7a46dcafecf8351a0734b49c583922cf9967cdd69caae"},
    {file = "Cython-3.0.0b3-cp36-cp36m-manylinux_2_5_i686.manylinux1_i686.manylinux_2_17_i686.manylinux2014_i686.whl", hash = "sha256:d186292a02cb056a43277be632967bb06979d1b0d6252f8faaa6966eebc6ab59"},
    {file = "Cython-3.0.0b3-cp36-cp36m-musllinux_1_1_aarch64.whl", hash = "sha256:20345cdd37be31736b257354b18fefc555a32af54bbe05001591bd648b8c116a"},
    {file = "Cython-3.0.0b3-cp36-cp36m-musllinux_1_1_x86_64.whl", hash = "sha256:82edac5b7eabcfb4f2f3826c324caee2c9d60977df9be98c97229b48b52030ce"},
    {file = "Cython-3.0.0b3-cp36-cp36m-win32.whl", hash = "sha256:0a1204efdb05fe879ebefdda1fb406edf569609f54c6496844a9c2bddf7802a6"},
    {file = "Cython-3.0.0b3-cp36-cp36m-win_amd64.whl", hash = "sha256:643976cde99e4d01d8451a1d57e6c91d751d33167f77339eb0c50290d6770a42"},
    {file = "Cython-3.0.0b3-cp37-cp37m-macosx_10_9_x86_64.whl", hash = "sha256:dc35c7190b321a4b46d9014ae0423638afe311041762e6e2b4bbdd1848ed5de3"},
    {file = "Cython-3.0.0b3-cp37-cp37m-manylinux_2_17_aarch64.manylinux2014_aarch64.whl", hash = "sha256:c5d4c68f2b65bdbee810052cd3174987b85a7cad373e036b8222eb11165024c4"},
    {file = "Cython-3.0.0b3-cp37-cp37m-manylinux_2_17_x86_64.manylinux2014_x86_64.whl", hash = "sha256:a127376399a490f4ac344232cc20cc968a883c960f64694be995f4cb93067050"},
    {file = "Cython-3.0.0b3-cp37-cp37m-manylinux_2_5_i686.manylinux1_i686.manylinux_2_17_i686.manylinux2014_i686.whl", hash = "sha256:5d5824dbb632f8242a1b9978f69ef0842a5a8c3872493657b7138a41a2b91438"},
    {file = "Cython-3.0.0b3-cp37-cp37m-musllinux_1_1_aarch64.whl", hash = "sha256:5fb52a7f799dd115fbd0a5b423fd6ac3b326955cc395948cbfb5eef5b26206d1"},
    {file = "Cython-3.0.0b3-cp37-cp37m-musllinux_1_1_x86_64.whl", hash = "sha256:a46f9fe5872b43c0af4102f5483d8fe7642af7a45e4160c364f21b8b400ca984"},
    {file = "Cython-3.0.0b3-cp37-cp37m-win32.whl", hash = "sha256:c90dd3ce0168b7708b0b144e579331f0fe57ca16acd5284d4e004d53a7e8b0b9"},
    {file = "Cython-3.0.0b3-cp37-cp37m-win_amd64.whl", hash = "sha256:b713b1ce347bdab05ebd1620cc032518fed1d8f216eaef2fb03d3dd2baf45d2b"},
    {file = "Cython-3.0.0b3-cp38-cp38-macosx_10_9_x86_64.whl", hash = "sha256:6d64870ce535fe5ce3b86ca2a64b77f2c785ff310f6e89dedd2099d149add70d"},
    {file = "Cython-3.0.0b3-cp38-cp38-manylinux_2_17_aarch64.manylinux2014_aarch64.whl", hash = "sha256:2f1d099924df53ec62935849a1519941fc5866549ef07ff245b3a12cbf0d6901"},
    {file = "Cython-3.0.0b3-cp38-cp38-manylinux_2_17_x86_64.manylinux2014_x86_64.whl", hash = "sha256:4a39eacb0c97ca47352e17597b521dd00f6c0a4531231695c28077e7ed688a09"},
    {file = "Cython-3.0.0b3-cp38-cp38-manylinux_2_5_i686.manylinux1_i686.manylinux_2_17_i686.manylinux2014_i686.whl", hash = "sha256:e397ef3dce8c4f9242942ecd637745d8f0885c66ca4d4d76f0c9528fa08df304"},
    {file = "Cython-3.0.0b3-cp38-cp38-musllinux_1_1_aarch64.whl", hash = "sha256:7d6010aad5a48fe2b3236df06a2f15d8f311f0b3d4005f0aad3bcad257a662a2"},
    {file = "Cython-3.0.0b3-cp38-cp38-musllinux_1_1_x86_64.whl", hash = "sha256:fb03edf4bea52f70302868b647aad377197d6f211bed9ffc4b7477b0e19cd012"},
    {file = "Cython-3.0.0b3-cp38-cp38-win32.whl", hash = "sha256:5e32e22cd864e39a5fb290ddd50b569df35f1242fc7c2548d3562386ff2bfafd"},
    {file = "Cython-3.0.0b3-cp38-cp38-win_amd64.whl", hash = "sha256:f28f492284a43bfd8e790697ce0c91e30b3ee335357474df7a5844e286a64130"},
    {file = "Cython-3.0.0b3-cp39-cp39-macosx_10_9_x86_64.whl", hash = "sha256:a5e65653999912bcda7febf1b1c66ee1536e487e76b43c728cb8bd894a31e1d7"},
    {file = "Cython-3.0.0b3-cp39-cp39-manylinux_2_17_aarch64.manylinux2014_aarch64.whl", hash = "sha256:47818f78bcd7a691acda47ed150b75cb80236f06337cc91086e85308896359be"},
    {file = "Cython-3.0.0b3-cp39-cp39-manylinux_2_17_x86_64.manylinux2014_x86_64.whl", hash = "sha256:b12b678e865b75ca1bf7f176595d4a80f338782d6a0861fb40ad9a03734e2fc1"},
    {file = "Cython-3.0.0b3-cp39-cp39-manylinux_2_5_i686.manylinux1_i686.manylinux_2_17_i686.manylinux2014_i686.whl", hash = "sha256:ddc093626778819076f0c57ff110f0a2da3fde9decd13b4d6362952e2ef68855"},
    {file = "Cython-3.0.0b3-cp39-cp39-musllinux_1_1_aarch64.whl", hash = "sha256:8e48902b5d0c2431bea48e6374524778c79818ea20feb99ad479c6b226966559"},
    {file = "Cython-3.0.0b3-cp39-cp39-musllinux_1_1_x86_64.whl", hash = "sha256:857bdc64ac6e4a05806b50da8df0bfcac8ec295eb18c0dfc354aa82657a346f9"},
    {file = "Cython-3.0.0b3-cp39-cp39-win32.whl", hash = "sha256:894b2042fa70a386baed4990a2569249340c780cd0ea0bd36b9a9824fa375bee"},
    {file = "Cython-3.0.0b3-cp39-cp39-win_amd64.whl", hash = "sha256:18ab382ab0602d07f261d48269d0b93ed3d8daee625ce43ea7b064312df8988f"},
    {file = "Cython-3.0.0b3-py2.py3-none-any.whl", hash = "sha256:936dfbe682ceca857f1ef99f56e834badb49f213ae3343c413f94c370491239f"},
    {file = "Cython-3.0.0b3.tar.gz", hash = "sha256:af2625f47355416b559ce36a576bcc26e6b3e797e83978166734185c42ea6ddc"},
]

[[package]]
name = "mmh3"
version = "4.0.0"
description = "Python extension for MurmurHash (MurmurHash3), a set of fast and robust hash functions."
optional = false
python-versions = "*"
files = [
    {file = "mmh3-4.0.0-cp310-cp310-macosx_10_9_universal2.whl", hash = "sha256:214ae1ab976401b3fd8da2a3828d1520d31592efacab63f90c222a0e69ad68cf"},
    {file = "mmh3-4.0.0-cp310-cp310-macosx_10_9_x86_64.whl", hash = "sha256:6ab345fba03d94cd08494a60c244085fb800645881639795b9390900672ee1c4"},
    {file = "mmh3-4.0.0-cp310-cp310-macosx_11_0_arm64.whl", hash = "sha256:072d449ed3769b7faff5ce7fe05323d2602834f03dfc3969dcedb183b1d902ec"},
    {file = "mmh3-4.0.0-cp310-cp310-manylinux_2_17_aarch64.manylinux2014_aarch64.whl", hash = "sha256:4e78c400595fb10c5ba46bd2386a0f1b2d5345c09d391882f96a27b4cf8bfc84"},
    {file = "mmh3-4.0.0-cp310-cp310-manylinux_2_17_ppc64le.manylinux2014_ppc64le.whl", hash = "sha256:ec5c0e0f4be15d73d2ff8d00212c67fcd4f36bca4b43e3c940c545341805dd22"},
    {file = "mmh3-4.0.0-cp310-cp310-manylinux_2_17_s390x.manylinux2014_s390x.whl", hash = "sha256:006ac0d3fe9cbc2855f63491ac3ce77290cedb6adf147d9bf803eb4097f765a5"},
    {file = "mmh3-4.0.0-cp310-cp310-manylinux_2_5_i686.manylinux1_i686.manylinux_2_17_i686.manylinux2014_i686.whl", hash = "sha256:3dceabcf98a3c5c9a137a81c7e2f8cb9b438c1b1da6d8c4d7ec8ca9df52cdd3c"},
    {file = "mmh3-4.0.0-cp310-cp310-manylinux_2_5_x86_64.manylinux1_x86_64.manylinux_2_17_x86_64.manylinux2014_x86_64.whl", hash = "sha256:ba8734f408a08822b2597a70a58549fd84a7afd86a18839ae1bb0bc9b9d2b816"},
    {file = "mmh3-4.0.0-cp310-cp310-musllinux_1_1_aarch64.whl", hash = "sha256:d2c2642101105a36db0f936f137cd27bdc75335739e06d0d172d1ece907cb99e"},
    {file = "mmh3-4.0.0-cp310-cp310-musllinux_1_1_i686.whl", hash = "sha256:7754d661e8dd855b7950cb94f33db45ee53f12bc271eb376d5a8c84c4c039ad4"},
    {file = "mmh3-4.0.0-cp310-cp310-musllinux_1_1_ppc64le.whl", hash = "sha256:2c73a503ab4297b4a2125eeda50b28bcd7eb8a6eef7b52e2a4a4c810267d0076"},
    {file = "mmh3-4.0.0-cp310-cp310-musllinux_1_1_s390x.whl", hash = "sha256:6dd94d8650576b1395640dfa62f49aa5bdead7200a655efee215b4a9c78f4882"},
    {file = "mmh3-4.0.0-cp310-cp310-musllinux_1_1_x86_64.whl", hash = "sha256:496e39cc349630294fbf39db7571d5833e9e779df90fc0cc1f652c2f1df7b1c1"},
    {file = "mmh3-4.0.0-cp310-cp310-win32.whl", hash = "sha256:4333668e3ddadd1795c223b44376f18b22fec205fd9604ae7b8e7ab3cdf12ce0"},
    {file = "mmh3-4.0.0-cp310-cp310-win_amd64.whl", hash = "sha256:c6af081268d05a645c9195968baf901d1a70f64e05586c9393f744ce0943a6d8"},
    {file = "mmh3-4.0.0-cp310-cp310-win_arm64.whl", hash = "sha256:14e835ea27fe36bf9fe584dbd2063c9c3c68e3bb3d11c41c5922bf5b9759b2e0"},
    {file = "mmh3-4.0.0-cp311-cp311-macosx_10_9_universal2.whl", hash = "sha256:dfbd7db8ed8ce8ab0cb1dee1a25f15a900c9e66ef12004ab593984a51ba36fae"},
    {file = "mmh3-4.0.0-cp311-cp311-macosx_10_9_x86_64.whl", hash = "sha256:7e39f5aa5ce2cda81f1f5856092bdb8e9263cb021990c1aede92c31c84a593ef"},
    {file = "mmh3-4.0.0-cp311-cp311-macosx_11_0_arm64.whl", hash = "sha256:646eb838998f60eea6fbcfde8ddef1081c4a10a30c09400ee2ec57a789cafb9b"},
    {file = "mmh3-4.0.0-cp311-cp311-manylinux_2_17_aarch64.manylinux2014_aarch64.whl", hash = "sha256:b895044e24b845e75af3cb6ec3cd7ae88fa87ffcba93f2bfed3ae0c226d4a2e5"},
    {file = "mmh3-4.0.0-cp311-cp311-manylinux_2_17_ppc64le.manylinux2014_ppc64le.whl", hash = "sha256:cd912d31aa5e2327342777f8b9cde8b82adc3525fd7fa535a2b7b76789f4162a"},
    {file = "mmh3-4.0.0-cp311-cp311-manylinux_2_17_s390x.manylinux2014_s390x.whl", hash = "sha256:6a0323dfd7609634867e5fb23cf21f96c36792b558d88af73fdbc97e3440ea79"},
    {file = "mmh3-4.0.0-cp311-cp311-manylinux_2_5_i686.manylinux1_i686.manylinux_2_17_i686.manylinux2014_i686.whl", hash = "sha256:2107a8de64e79d7b532ae9844e8ce79ff3284d5b6661b0566e5511cf11c6efca"},
    {file = "mmh3-4.0.0-cp311-cp311-manylinux_2_5_x86_64.manylinux1_x86_64.manylinux_2_17_x86_64.manylinux2014_x86_64.whl", hash = "sha256:a1c6e9e87c4ee08b60c5b5f967ac82777974b2aa0df5ef6f574c66a775231470"},
    {file = "mmh3-4.0.0-cp311-cp311-musllinux_1_1_aarch64.whl", hash = "sha256:54064f72545c187150edbbf2e6c5c39017797d851f99aee3726ce5dc26d786f2"},
    {file = "mmh3-4.0.0-cp311-cp311-musllinux_1_1_i686.whl", hash = "sha256:1a9e6244923549e23d4b88c36d144d326092e0d33b802295d04c76e5dde567f4"},
    {file = "mmh3-4.0.0-cp311-cp311-musllinux_1_1_ppc64le.whl", hash = "sha256:087ee4a8c6dbfb4f356aaf32879846ad13e92894201f4d221a087fbb8857ec9a"},
    {file = "mmh3-4.0.0-cp311-cp311-musllinux_1_1_s390x.whl", hash = "sha256:e6e5e4f543bf798161321deb186723a4ef530e7f216ea4c153e525f63c78fc78"},
    {file = "mmh3-4.0.0-cp311-cp311-musllinux_1_1_x86_64.whl", hash = "sha256:df22bd073107fe20006f9197ba29579e915a9a89142ef65130939aa0136c78e7"},
    {file = "mmh3-4.0.0-cp311-cp311-win32.whl", hash = "sha256:f4ec497d5926842a45f235d1eda03ef2cc10e4ccb0738bbe828837817f0fbbfd"},
    {file = "mmh3-4.0.0-cp311-cp311-win_amd64.whl", hash = "sha256:a32c815f4d32bcbf71147b9109904e34f33716bed344955d13983026dc8568e0"},
    {file = "mmh3-4.0.0-cp311-cp311-win_arm64.whl", hash = "sha256:72706beb124293b58968881ce3d59f678538c4dec3977c4edd9a9db402ad4486"},
    {file = "mmh3-4.0.0-cp38-cp38-macosx_10_9_universal2.whl", hash = "sha256:86a8f5af47b78fd5e70e4d48c6da0a04492ab267780ff87e62ddfae5260c3443"},
    {file = "mmh3-4.0.0-cp38-cp38-macosx_10_9_x86_64.whl", hash = "sha256:285751d7e9a98ea842186240ad7a1ca33f0ffa6c0c7e6e3511ac094f8b4b289d"},
    {file = "mmh3-4.0.0-cp38-cp38-macosx_11_0_arm64.whl", hash = "sha256:8a334ce72e7b1602a951ae24453c087f0729049281954f57c2bbc3a3eddee4bb"},
    {file = "mmh3-4.0.0-cp38-cp38-manylinux_2_17_aarch64.manylinux2014_aarch64.whl", hash = "sha256:5638d5d26f7bf1bd79233e5140303ac47c506d51d86f67595ee851f2d49fa480"},
    {file = "mmh3-4.0.0-cp38-cp38-manylinux_2_17_ppc64le.manylinux2014_ppc64le.whl", hash = "sha256:1755485dc411336c429824258f2fe1a2f53fad2ba1481e922111312d0a698cf4"},
    {file = "mmh3-4.0.0-cp38-cp38-manylinux_2_17_s390x.manylinux2014_s390x.whl", hash = "sha256:82a7f6089c37b83c5209fec02492418222e0051f09f27bc7fce9d49ee36603cd"},
    {file = "mmh3-4.0.0-cp38-cp38-manylinux_2_5_i686.manylinux1_i686.manylinux_2_17_i686.manylinux2014_i686.whl", hash = "sha256:1e5cf444ce11571d0cf65516255b119d3dd733f86120e0acf7371363c97e396d"},
    {file = "mmh3-4.0.0-cp38-cp38-manylinux_2_5_x86_64.manylinux1_x86_64.manylinux_2_17_x86_64.manylinux2014_x86_64.whl", hash = "sha256:1ca5f2ad2af9decee4f9a3c91a823bf71c4f634ff400b829c648c0dc5cd7503f"},
    {file = "mmh3-4.0.0-cp38-cp38-musllinux_1_1_aarch64.whl", hash = "sha256:4c4d482434edf2581ae6bdaf99840791938b089acef56832d13f91e81745bff1"},
    {file = "mmh3-4.0.0-cp38-cp38-musllinux_1_1_i686.whl", hash = "sha256:5a14c10d50526ee91ca474780f029b97d78fd9bb47ae9c248b8cb1a964525f8f"},
    {file = "mmh3-4.0.0-cp38-cp38-musllinux_1_1_ppc64le.whl", hash = "sha256:e08ebbdfa008f5d957e69031ab625f7d22313fdff14f845d213ab06f585846e4"},
    {file = "mmh3-4.0.0-cp38-cp38-musllinux_1_1_s390x.whl", hash = "sha256:2cc0e1872acff360e95f8e3768b5f1777a1ebc700caf88a8a22adb153d24b9fa"},
    {file = "mmh3-4.0.0-cp38-cp38-musllinux_1_1_x86_64.whl", hash = "sha256:2070b169a8b82ad4dcbc6c34fcfd538428322e1f2db5dce349023aad2ba0dc94"},
    {file = "mmh3-4.0.0-cp38-cp38-win32.whl", hash = "sha256:e390c820a31146c73b0cb60da65906a866d4fe43b4688cc3cdf5f33c423d09a1"},
    {file = "mmh3-4.0.0-cp38-cp38-win_amd64.whl", hash = "sha256:55ac731333b5e0e9f93ad56cab95b05ef1621a5a87568e36ec17dc9dd761abbe"},
    {file = "mmh3-4.0.0-cp39-cp39-macosx_10_9_universal2.whl", hash = "sha256:9f069b5421b6d2ac24dd1928788f986cb5393baeca8d758838946e3546a1a723"},
    {file = "mmh3-4.0.0-cp39-cp39-macosx_10_9_x86_64.whl", hash = "sha256:363a9a4342aa93d524b01336a646da4b20fb52b22b883d7a4a173f4b4e015451"},
    {file = "mmh3-4.0.0-cp39-cp39-macosx_11_0_arm64.whl", hash = "sha256:453fff6505db5f3c2e2ee562744b8de49a58f83a609f178a1d3238036fbb4a72"},
    {file = "mmh3-4.0.0-cp39-cp39-manylinux_2_17_aarch64.manylinux2014_aarch64.whl", hash = "sha256:8397bb38314ba93f9c87e7feb724d093a3b3df566dccab9d088e18792c8ad6fd"},
    {file = "mmh3-4.0.0-cp39-cp39-manylinux_2_17_ppc64le.manylinux2014_ppc64le.whl", hash = "sha256:130801c630768b39c0c115b4df1ba649318179a47981cbdd7171c8f78cfe1e4b"},
    {file = "mmh3-4.0.0-cp39-cp39-manylinux_2_17_s390x.manylinux2014_s390x.whl", hash = "sha256:0ad9a741871550ecb7217449e423806f8e6e76c6fe90383992c8db15cb55e9d9"},
    {file = "mmh3-4.0.0-cp39-cp39-manylinux_2_5_i686.manylinux1_i686.manylinux_2_17_i686.manylinux2014_i686.whl", hash = "sha256:07a7447cbfcaa269d8f8c64dd12924fe523f0ac04135428a1f327d769fa9b1a4"},
    {file = "mmh3-4.0.0-cp39-cp39-manylinux_2_5_x86_64.manylinux1_x86_64.manylinux_2_17_x86_64.manylinux2014_x86_64.whl", hash = "sha256:95d03f341ce11ee9f325af910bc588dda519f4b15b60abab72ea286a6aad572b"},
    {file = "mmh3-4.0.0-cp39-cp39-musllinux_1_1_aarch64.whl", hash = "sha256:2cff9758d6b0f7f00d805e9d1d019e8b7f4da4b56795843e0339633fd67bc3a4"},
    {file = "mmh3-4.0.0-cp39-cp39-musllinux_1_1_i686.whl", hash = "sha256:28c182fcb472bb102bb6f8f92bcc268be469220e8ba6dca383860e494a91671f"},
    {file = "mmh3-4.0.0-cp39-cp39-musllinux_1_1_ppc64le.whl", hash = "sha256:b52775bffc0463e32cddaea76afd61a992b15091fe1955418b44cb7b87a7aea9"},
    {file = "mmh3-4.0.0-cp39-cp39-musllinux_1_1_s390x.whl", hash = "sha256:ec8ba7a8357a33af6c41a29a3015f796643e998a1a33d95cb773efc98ae669d2"},
    {file = "mmh3-4.0.0-cp39-cp39-musllinux_1_1_x86_64.whl", hash = "sha256:129f2c948ce8b884ddcad0f755a8b3245302eb06c3de1b4aa9a45b643c63ca04"},
    {file = "mmh3-4.0.0-cp39-cp39-win32.whl", hash = "sha256:a373025a487295c9e6cbf86159665f49963077d39a843707519c678f7e6791a2"},
    {file = "mmh3-4.0.0-cp39-cp39-win_amd64.whl", hash = "sha256:5790d3bf330a6be8bea19fcc03965a5cf6c9a37021ecf9202e54ed7c3d33bd23"},
    {file = "mmh3-4.0.0-cp39-cp39-win_arm64.whl", hash = "sha256:2a2db279f0c97619a6d3cc291168cc47a3cbd73cf1767a058e5cc765252260a1"},
    {file = "mmh3-4.0.0.tar.gz", hash = "sha256:056b83d04e595547d0407cc8e5aa5d8ba8802a8afa417b64c1c30235b5389e30"},
]

[package.extras]
test = ["mypy (>=1.0)", "pytest (>=7.0.0)"]

[metadata]
lock-version = "2.0"
python-versions = "^3.11"
content-hash = "1b1afe66e3961c8c5a19e4cd3a5e72ba77baedb581fae07d5293ec76400ab68d"
